
Microsoft Visual Studio Solution File, Format Version 12.00
Project("{FAE04EC0-301F-11D3-BF4B-00C04F79EFBC}") = "GetNeighbors", "GetNeighbors\GetNeighbors.csproj", "{ED63129C-F58E-4D6B-94E5-49F989F3859A}"
EndProject
Project("{FAE04EC0-301F-11D3-BF4B-00C04F79EFBC}") = "GetNeighbors.Tests", "GetNeighbors.Tests\GetNeighbors.Tests.csproj", "{4A448EF3-6462-458C-8CCF-A1EA7BE1E499}"
EndProject
Global
	GlobalSection(SolutionConfigurationPlatforms) = preSolution
		Debug|Any CPU = Debug|Any CPU
		Release|Any CPU = Release|Any CPU
	EndGlobalSection
	GlobalSection(ProjectConfigurationPlatforms) = postSolution
		{ED63129C-F58E-4D6B-94E5-49F989F3859A}.Debug|Any CPU.ActiveCfg = Debug|Any CPU
		{ED63129C-F58E-4D6B-94E5-49F989F3859A}.Debug|Any CPU.Build.0 = Debug|Any CPU
		{ED63129C-F58E-4D6B-94E5-49F989F3859A}.Release|Any CPU.ActiveCfg = Release|Any CPU
		{ED63129C-F58E-4D6B-94E5-49F989F3859A}.Release|Any CPU.Build.0 = Release|Any CPU
		{4A448EF3-6462-458C-8CCF-A1EA7BE1E499}.Debug|Any CPU.ActiveCfg = Debug|Any CPU
		{4A448EF3-6462-458C-8CCF-A1EA7BE1E499}.Debug|Any CPU.Build.0 = Debug|Any CPU
		{4A448EF3-6462-458C-8CCF-A1EA7BE1E499}.Release|Any CPU.ActiveCfg = Release|Any CPU
		{4A448EF3-6462-458C-8CCF-A1EA7BE1E499}.Release|Any CPU.Build.0 = Release|Any CPU
	EndGlobalSection
EndGlobal
